
Microsoft Visual Studio Solution File, Format Version 12.00
Project("{FAE04EC0-301F-11D3-BF4B-00C04F79EFBC}") = "Airport Ticket Booking System", "Airport Ticket Booking System\Airport Ticket Booking System.csproj", "{62ED570C-C741-4132-9214-F60E1EF70DD5}"
EndProject
Project("{FAE04EC0-301F-11D3-BF4B-00C04F79EFBC}") = "Data", "Data\Data.csproj", "{F72938AE-7265-4D34-B61E-79E82133D265}"
EndProject
Project("{FAE04EC0-301F-11D3-BF4B-00C04F79EFBC}") = "Models", "Models\Models.csproj", "{B2A501E7-11B8-4FE5-8D4D-DC96DAF95D1F}"
EndProject
Project("{FAE04EC0-301F-11D3-BF4B-00C04F79EFBC}") = "Services", "Services\Services.csproj", "{2583551C-336D-4897-8446-CFC96A02EFCD}"
EndProject
Project("{FAE04EC0-301F-11D3-BF4B-00C04F79EFBC}") = "Airport Ticket Unit Tests", "Airport Ticket Unit Tests\Airport Ticket Unit Tests.csproj", "{ADF044BD-14A8-4D63-A79E-49D46FE1492A}"
EndProject
Project("{FAE04EC0-301F-11D3-BF4B-00C04F79EFBC}") = "Controllers", "Controllers\Controllers.csproj", "{D658DF6E-4A00-4B9C-AC5D-A11DB21596E0}"
EndProject
Project("{FAE04EC0-301F-11D3-BF4B-00C04F79EFBC}") = "Views", "Views\Views.csproj", "{AD41AC16-4CEA-4006-B13F-B158D7EEBFD2}"
EndProject
Global
	GlobalSection(SolutionConfigurationPlatforms) = preSolution
		Debug|Any CPU = Debug|Any CPU
		Release|Any CPU = Release|Any CPU
	EndGlobalSection
	GlobalSection(ProjectConfigurationPlatforms) = postSolution
		{62ED570C-C741-4132-9214-F60E1EF70DD5}.Debug|Any CPU.ActiveCfg = Debug|Any CPU
		{62ED570C-C741-4132-9214-F60E1EF70DD5}.Debug|Any CPU.Build.0 = Debug|Any CPU
		{62ED570C-C741-4132-9214-F60E1EF70DD5}.Release|Any CPU.ActiveCfg = Release|Any CPU
		{62ED570C-C741-4132-9214-F60E1EF70DD5}.Release|Any CPU.Build.0 = Release|Any CPU
		{F72938AE-7265-4D34-B61E-79E82133D265}.Debug|Any CPU.ActiveCfg = Debug|Any CPU
		{F72938AE-7265-4D34-B61E-79E82133D265}.Debug|Any CPU.Build.0 = Debug|Any CPU
		{F72938AE-7265-4D34-B61E-79E82133D265}.Release|Any CPU.ActiveCfg = Release|Any CPU
		{F72938AE-7265-4D34-B61E-79E82133D265}.Release|Any CPU.Build.0 = Release|Any CPU
		{B2A501E7-11B8-4FE5-8D4D-DC96DAF95D1F}.Debug|Any CPU.ActiveCfg = Debug|Any CPU
		{B2A501E7-11B8-4FE5-8D4D-DC96DAF95D1F}.Debug|Any CPU.Build.0 = Debug|Any CPU
		{B2A501E7-11B8-4FE5-8D4D-DC96DAF95D1F}.Release|Any CPU.ActiveCfg = Release|Any CPU
		{B2A501E7-11B8-4FE5-8D4D-DC96DAF95D1F}.Release|Any CPU.Build.0 = Release|Any CPU
		{2583551C-336D-4897-8446-CFC96A02EFCD}.Debug|Any CPU.ActiveCfg = Debug|Any CPU
		{2583551C-336D-4897-8446-CFC96A02EFCD}.Debug|Any CPU.Build.0 = Debug|Any CPU
		{2583551C-336D-4897-8446-CFC96A02EFCD}.Release|Any CPU.ActiveCfg = Release|Any CPU
		{2583551C-336D-4897-8446-CFC96A02EFCD}.Release|Any CPU.Build.0 = Release|Any CPU
		{ADF044BD-14A8-4D63-A79E-49D46FE1492A}.Debug|Any CPU.ActiveCfg = Debug|Any CPU
		{ADF044BD-14A8-4D63-A79E-49D46FE1492A}.Debug|Any CPU.Build.0 = Debug|Any CPU
		{ADF044BD-14A8-4D63-A79E-49D46FE1492A}.Release|Any CPU.ActiveCfg = Release|Any CPU
		{ADF044BD-14A8-4D63-A79E-49D46FE1492A}.Release|Any CPU.Build.0 = Release|Any CPU
		{D658DF6E-4A00-4B9C-AC5D-A11DB21596E0}.Debug|Any CPU.ActiveCfg = Debug|Any CPU
		{D658DF6E-4A00-4B9C-AC5D-A11DB21596E0}.Debug|Any CPU.Build.0 = Debug|Any CPU
		{D658DF6E-4A00-4B9C-AC5D-A11DB21596E0}.Release|Any CPU.ActiveCfg = Release|Any CPU
		{D658DF6E-4A00-4B9C-AC5D-A11DB21596E0}.Release|Any CPU.Build.0 = Release|Any CPU
		{AD41AC16-4CEA-4006-B13F-B158D7EEBFD2}.Debug|Any CPU.ActiveCfg = Debug|Any CPU
		{AD41AC16-4CEA-4006-B13F-B158D7EEBFD2}.Debug|Any CPU.Build.0 = Debug|Any CPU
		{AD41AC16-4CEA-4006-B13F-B158D7EEBFD2}.Release|Any CPU.ActiveCfg = Release|Any CPU
		{AD41AC16-4CEA-4006-B13F-B158D7EEBFD2}.Release|Any CPU.Build.0 = Release|Any CPU
	EndGlobalSection
EndGlobal
